
Microsoft Visual Studio Solution File, Format Version 12.00
# Visual Studio Version 16
VisualStudioVersion = 16.0.30503.244
MinimumVisualStudioVersion = 10.0.40219.1
Project("{9A19103F-16F7-4668-BE54-9A1E7A4F7556}") = "Task1", "Task1\Task1.csproj", "{310B46E9-7C25-473B-A0A1-3B12ABE963EF}"
EndProject
Project("{9A19103F-16F7-4668-BE54-9A1E7A4F7556}") = "Task2", "Task2\Task2.csproj", "{72BFB62A-EC2B-4E1D-AB61-A6AE6A69F47D}"
EndProject
Project("{9A19103F-16F7-4668-BE54-9A1E7A4F7556}") = "Task 4", "Task 4\Task 4.csproj", "{319B2195-5D10-40D8-A792-1EC257D39D4D}"
EndProject
Project("{9A19103F-16F7-4668-BE54-9A1E7A4F7556}") = "Task 5", "Task 5\Task 5.csproj", "{35CA4326-AC58-4B79-8BAC-5CB6D56A5976}"
EndProject
Project("{9A19103F-16F7-4668-BE54-9A1E7A4F7556}") = "Task 6", "Task 6\Task 6.csproj", "{E6B28086-3E3B-4FF9-A56D-B8E323E31154}"
EndProject
Project("{FAE04EC0-301F-11D3-BF4B-00C04F79EFBC}") = "Task 3", "Task 3\Task 3.csproj", "{314FCE75-9C8F-4105-9AE7-513D38A27D89}"
EndProject
Global
	GlobalSection(SolutionConfigurationPlatforms) = preSolution
		Debug|Any CPU = Debug|Any CPU
		Release|Any CPU = Release|Any CPU
	EndGlobalSection
	GlobalSection(ProjectConfigurationPlatforms) = postSolution
		{310B46E9-7C25-473B-A0A1-3B12ABE963EF}.Debug|Any CPU.ActiveCfg = Debug|Any CPU
		{310B46E9-7C25-473B-A0A1-3B12ABE963EF}.Debug|Any CPU.Build.0 = Debug|Any CPU
		{310B46E9-7C25-473B-A0A1-3B12ABE963EF}.Release|Any CPU.ActiveCfg = Release|Any CPU
		{310B46E9-7C25-473B-A0A1-3B12ABE963EF}.Release|Any CPU.Build.0 = Release|Any CPU
		{72BFB62A-EC2B-4E1D-AB61-A6AE6A69F47D}.Debug|Any CPU.ActiveCfg = Debug|Any CPU
		{72BFB62A-EC2B-4E1D-AB61-A6AE6A69F47D}.Debug|Any CPU.Build.0 = Debug|Any CPU
		{72BFB62A-EC2B-4E1D-AB61-A6AE6A69F47D}.Release|Any CPU.ActiveCfg = Release|Any CPU
		{72BFB62A-EC2B-4E1D-AB61-A6AE6A69F47D}.Release|Any CPU.Build.0 = Release|Any CPU
		{319B2195-5D10-40D8-A792-1EC257D39D4D}.Debug|Any CPU.ActiveCfg = Debug|Any CPU
		{319B2195-5D10-40D8-A792-1EC257D39D4D}.Debug|Any CPU.Build.0 = Debug|Any CPU
		{319B2195-5D10-40D8-A792-1EC257D39D4D}.Release|Any CPU.ActiveCfg = Release|Any CPU
		{319B2195-5D10-40D8-A792-1EC257D39D4D}.Release|Any CPU.Build.0 = Release|Any CPU
		{35CA4326-AC58-4B79-8BAC-5CB6D56A5976}.Debug|Any CPU.ActiveCfg = Debug|Any CPU
		{35CA4326-AC58-4B79-8BAC-5CB6D56A5976}.Debug|Any CPU.Build.0 = Debug|Any CPU
		{35CA4326-AC58-4B79-8BAC-5CB6D56A5976}.Release|Any CPU.ActiveCfg = Release|Any CPU
		{35CA4326-AC58-4B79-8BAC-5CB6D56A5976}.Release|Any CPU.Build.0 = Release|Any CPU
		{E6B28086-3E3B-4FF9-A56D-B8E323E31154}.Debug|Any CPU.ActiveCfg = Debug|Any CPU
		{E6B28086-3E3B-4FF9-A56D-B8E323E31154}.Debug|Any CPU.Build.0 = Debug|Any CPU
		{E6B28086-3E3B-4FF9-A56D-B8E323E31154}.Release|Any CPU.ActiveCfg = Release|Any CPU
		{E6B28086-3E3B-4FF9-A56D-B8E323E31154}.Release|Any CPU.Build.0 = Release|Any CPU
		{314FCE75-9C8F-4105-9AE7-513D38A27D89}.Debug|Any CPU.ActiveCfg = Debug|Any CPU
		{314FCE75-9C8F-4105-9AE7-513D38A27D89}.Debug|Any CPU.Build.0 = Debug|Any CPU
		{314FCE75-9C8F-4105-9AE7-513D38A27D89}.Release|Any CPU.ActiveCfg = Release|Any CPU
		{314FCE75-9C8F-4105-9AE7-513D38A27D89}.Release|Any CPU.Build.0 = Release|Any CPU
	EndGlobalSection
	GlobalSection(SolutionProperties) = preSolution
		HideSolutionNode = FALSE
	EndGlobalSection
	GlobalSection(ExtensibilityGlobals) = postSolution
		SolutionGuid = {732D04CE-25EF-4B46-A185-F8201E0305AE}
	EndGlobalSection
EndGlobal
