
Microsoft Visual Studio Solution File, Format Version 12.00
# Visual Studio Version 16
VisualStudioVersion = 16.0.30503.244
MinimumVisualStudioVersion = 10.0.40219.1
Project("{FAE04EC0-301F-11D3-BF4B-00C04F79EFBC}") = "Task3", "Task3\Task3.csproj", "{D0069C28-5458-4D0B-ABF1-1E7F3CBE7F7A}"
EndProject
Project("{FAE04EC0-301F-11D3-BF4B-00C04F79EFBC}") = "Task4", "Task4\Task4.csproj", "{5545BB04-E126-45C5-8B53-B9E41E4AC6EE}"
EndProject
Global
	GlobalSection(SolutionConfigurationPlatforms) = preSolution
		Debug|Any CPU = Debug|Any CPU
		Release|Any CPU = Release|Any CPU
	EndGlobalSection
	GlobalSection(ProjectConfigurationPlatforms) = postSolution
		{D0069C28-5458-4D0B-ABF1-1E7F3CBE7F7A}.Debug|Any CPU.ActiveCfg = Debug|Any CPU
		{D0069C28-5458-4D0B-ABF1-1E7F3CBE7F7A}.Debug|Any CPU.Build.0 = Debug|Any CPU
		{D0069C28-5458-4D0B-ABF1-1E7F3CBE7F7A}.Release|Any CPU.ActiveCfg = Release|Any CPU
		{D0069C28-5458-4D0B-ABF1-1E7F3CBE7F7A}.Release|Any CPU.Build.0 = Release|Any CPU
		{5545BB04-E126-45C5-8B53-B9E41E4AC6EE}.Debug|Any CPU.ActiveCfg = Debug|Any CPU
		{5545BB04-E126-45C5-8B53-B9E41E4AC6EE}.Debug|Any CPU.Build.0 = Debug|Any CPU
		{5545BB04-E126-45C5-8B53-B9E41E4AC6EE}.Release|Any CPU.ActiveCfg = Release|Any CPU
		{5545BB04-E126-45C5-8B53-B9E41E4AC6EE}.Release|Any CPU.Build.0 = Release|Any CPU
	EndGlobalSection
	GlobalSection(SolutionProperties) = preSolution
		HideSolutionNode = FALSE
	EndGlobalSection
	GlobalSection(ExtensibilityGlobals) = postSolution
		SolutionGuid = {74C96745-70E1-4B85-950C-700D342118D9}
	EndGlobalSection
EndGlobal
