
Microsoft Visual Studio Solution File, Format Version 12.00
# Visual Studio Version 16
VisualStudioVersion = 16.0.30503.244
MinimumVisualStudioVersion = 10.0.40219.1
Project("{9A19103F-16F7-4668-BE54-9A1E7A4F7556}") = "Task10", "Task10\Task10.csproj", "{90ED0BB9-4DE8-4F87-807D-0026174B423E}"
EndProject
Project("{9A19103F-16F7-4668-BE54-9A1E7A4F7556}") = "Task11", "Task11\Task11.csproj", "{D955E31A-5F14-4508-AA38-FBD659502F8C}"
EndProject
Project("{9A19103F-16F7-4668-BE54-9A1E7A4F7556}") = "Task1", "Task1\Task1.csproj", "{79928F54-F8B9-4928-839D-225DEEB616A3}"
EndProject
Project("{FAE04EC0-301F-11D3-BF4B-00C04F79EFBC}") = "Taks2", "Taks2\Taks2.csproj", "{4C980293-1C69-4C5C-9FD7-812FFC43190C}"
EndProject
Project("{FAE04EC0-301F-11D3-BF4B-00C04F79EFBC}") = "ASCDIIDecoder", "ASCDIIDecoder\ASCDIIDecoder.csproj", "{EB9BB12F-643D-4605-9F6B-7C95122059FB}"
EndProject
Global
	GlobalSection(SolutionConfigurationPlatforms) = preSolution
		Debug|Any CPU = Debug|Any CPU
		Release|Any CPU = Release|Any CPU
	EndGlobalSection
	GlobalSection(ProjectConfigurationPlatforms) = postSolution
		{90ED0BB9-4DE8-4F87-807D-0026174B423E}.Debug|Any CPU.ActiveCfg = Debug|Any CPU
		{90ED0BB9-4DE8-4F87-807D-0026174B423E}.Debug|Any CPU.Build.0 = Debug|Any CPU
		{90ED0BB9-4DE8-4F87-807D-0026174B423E}.Release|Any CPU.ActiveCfg = Release|Any CPU
		{90ED0BB9-4DE8-4F87-807D-0026174B423E}.Release|Any CPU.Build.0 = Release|Any CPU
		{D955E31A-5F14-4508-AA38-FBD659502F8C}.Debug|Any CPU.ActiveCfg = Debug|Any CPU
		{D955E31A-5F14-4508-AA38-FBD659502F8C}.Debug|Any CPU.Build.0 = Debug|Any CPU
		{D955E31A-5F14-4508-AA38-FBD659502F8C}.Release|Any CPU.ActiveCfg = Release|Any CPU
		{D955E31A-5F14-4508-AA38-FBD659502F8C}.Release|Any CPU.Build.0 = Release|Any CPU
		{79928F54-F8B9-4928-839D-225DEEB616A3}.Debug|Any CPU.ActiveCfg = Debug|Any CPU
		{79928F54-F8B9-4928-839D-225DEEB616A3}.Debug|Any CPU.Build.0 = Debug|Any CPU
		{79928F54-F8B9-4928-839D-225DEEB616A3}.Release|Any CPU.ActiveCfg = Release|Any CPU
		{79928F54-F8B9-4928-839D-225DEEB616A3}.Release|Any CPU.Build.0 = Release|Any CPU
		{4C980293-1C69-4C5C-9FD7-812FFC43190C}.Debug|Any CPU.ActiveCfg = Debug|Any CPU
		{4C980293-1C69-4C5C-9FD7-812FFC43190C}.Debug|Any CPU.Build.0 = Debug|Any CPU
		{4C980293-1C69-4C5C-9FD7-812FFC43190C}.Release|Any CPU.ActiveCfg = Release|Any CPU
		{4C980293-1C69-4C5C-9FD7-812FFC43190C}.Release|Any CPU.Build.0 = Release|Any CPU
		{EB9BB12F-643D-4605-9F6B-7C95122059FB}.Debug|Any CPU.ActiveCfg = Debug|Any CPU
		{EB9BB12F-643D-4605-9F6B-7C95122059FB}.Debug|Any CPU.Build.0 = Debug|Any CPU
		{EB9BB12F-643D-4605-9F6B-7C95122059FB}.Release|Any CPU.ActiveCfg = Release|Any CPU
		{EB9BB12F-643D-4605-9F6B-7C95122059FB}.Release|Any CPU.Build.0 = Release|Any CPU
	EndGlobalSection
	GlobalSection(SolutionProperties) = preSolution
		HideSolutionNode = FALSE
	EndGlobalSection
	GlobalSection(ExtensibilityGlobals) = postSolution
		SolutionGuid = {98A449F6-DF0D-4FC5-B17B-5A9E2EB95B43}
	EndGlobalSection
EndGlobal
