
Microsoft Visual Studio Solution File, Format Version 12.00
# Visual Studio Version 16
VisualStudioVersion = 16.0.30503.244
MinimumVisualStudioVersion = 10.0.40219.1
Project("{FAE04EC0-301F-11D3-BF4B-00C04F79EFBC}") = "HW1", "HW1\HW1.csproj", "{6FDB109E-8456-4A48-BDEC-05329E7408DB}"
EndProject
Project("{FAE04EC0-301F-11D3-BF4B-00C04F79EFBC}") = "HW2", "HW2\HW2.csproj", "{FF8EE94B-2E4F-4CB4-B97C-B23828B19125}"
EndProject
Project("{FAE04EC0-301F-11D3-BF4B-00C04F79EFBC}") = "HW3", "HW3\HW3.csproj", "{BF2F76E6-5F55-4C8F-8CAB-2EEDA71ED1BA}"
EndProject
Project("{FAE04EC0-301F-11D3-BF4B-00C04F79EFBC}") = "HW4", "HW4\HW4.csproj", "{DFC9148D-F0FF-47ED-9725-76EBF698E324}"
EndProject
Project("{FAE04EC0-301F-11D3-BF4B-00C04F79EFBC}") = "HW5", "HW5\HW5.csproj", "{6914F644-36B4-4027-B68D-0AC86CB2A1F5}"
EndProject
Project("{FAE04EC0-301F-11D3-BF4B-00C04F79EFBC}") = "HW6", "HW6\HW6.csproj", "{B6EDAE9A-4DF3-46CC-AB45-464F6D8ADA91}"
EndProject
Global
	GlobalSection(SolutionConfigurationPlatforms) = preSolution
		Debug|Any CPU = Debug|Any CPU
		Release|Any CPU = Release|Any CPU
	EndGlobalSection
	GlobalSection(ProjectConfigurationPlatforms) = postSolution
		{6FDB109E-8456-4A48-BDEC-05329E7408DB}.Debug|Any CPU.ActiveCfg = Debug|Any CPU
		{6FDB109E-8456-4A48-BDEC-05329E7408DB}.Debug|Any CPU.Build.0 = Debug|Any CPU
		{6FDB109E-8456-4A48-BDEC-05329E7408DB}.Release|Any CPU.ActiveCfg = Release|Any CPU
		{6FDB109E-8456-4A48-BDEC-05329E7408DB}.Release|Any CPU.Build.0 = Release|Any CPU
		{FF8EE94B-2E4F-4CB4-B97C-B23828B19125}.Debug|Any CPU.ActiveCfg = Debug|Any CPU
		{FF8EE94B-2E4F-4CB4-B97C-B23828B19125}.Debug|Any CPU.Build.0 = Debug|Any CPU
		{FF8EE94B-2E4F-4CB4-B97C-B23828B19125}.Release|Any CPU.ActiveCfg = Release|Any CPU
		{FF8EE94B-2E4F-4CB4-B97C-B23828B19125}.Release|Any CPU.Build.0 = Release|Any CPU
		{BF2F76E6-5F55-4C8F-8CAB-2EEDA71ED1BA}.Debug|Any CPU.ActiveCfg = Debug|Any CPU
		{BF2F76E6-5F55-4C8F-8CAB-2EEDA71ED1BA}.Debug|Any CPU.Build.0 = Debug|Any CPU
		{BF2F76E6-5F55-4C8F-8CAB-2EEDA71ED1BA}.Release|Any CPU.ActiveCfg = Release|Any CPU
		{BF2F76E6-5F55-4C8F-8CAB-2EEDA71ED1BA}.Release|Any CPU.Build.0 = Release|Any CPU
		{DFC9148D-F0FF-47ED-9725-76EBF698E324}.Debug|Any CPU.ActiveCfg = Debug|Any CPU
		{DFC9148D-F0FF-47ED-9725-76EBF698E324}.Debug|Any CPU.Build.0 = Debug|Any CPU
		{DFC9148D-F0FF-47ED-9725-76EBF698E324}.Release|Any CPU.ActiveCfg = Release|Any CPU
		{DFC9148D-F0FF-47ED-9725-76EBF698E324}.Release|Any CPU.Build.0 = Release|Any CPU
		{6914F644-36B4-4027-B68D-0AC86CB2A1F5}.Debug|Any CPU.ActiveCfg = Debug|Any CPU
		{6914F644-36B4-4027-B68D-0AC86CB2A1F5}.Debug|Any CPU.Build.0 = Debug|Any CPU
		{6914F644-36B4-4027-B68D-0AC86CB2A1F5}.Release|Any CPU.ActiveCfg = Release|Any CPU
		{6914F644-36B4-4027-B68D-0AC86CB2A1F5}.Release|Any CPU.Build.0 = Release|Any CPU
		{B6EDAE9A-4DF3-46CC-AB45-464F6D8ADA91}.Debug|Any CPU.ActiveCfg = Debug|Any CPU
		{B6EDAE9A-4DF3-46CC-AB45-464F6D8ADA91}.Debug|Any CPU.Build.0 = Debug|Any CPU
		{B6EDAE9A-4DF3-46CC-AB45-464F6D8ADA91}.Release|Any CPU.ActiveCfg = Release|Any CPU
		{B6EDAE9A-4DF3-46CC-AB45-464F6D8ADA91}.Release|Any CPU.Build.0 = Release|Any CPU
	EndGlobalSection
	GlobalSection(SolutionProperties) = preSolution
		HideSolutionNode = FALSE
	EndGlobalSection
	GlobalSection(ExtensibilityGlobals) = postSolution
		SolutionGuid = {EB5630CE-A993-4C5F-8D32-C3123989811A}
	EndGlobalSection
EndGlobal
